
Microsoft Visual Studio Solution File, Format Version 12.00
# Visual Studio Version 16
VisualStudioVersion = 16.0.31624.102
MinimumVisualStudioVersion = 10.0.40219.1
Project("{FAE04EC0-301F-11D3-BF4B-00C04F79EFBC}") = "DioBCarreProj1", "DioBCarreProj1.csproj", "{049E90E5-C269-4039-9191-159B0F88AE16}"
EndProject
Global
	GlobalSection(SolutionConfigurationPlatforms) = preSolution
		Debug|Any CPU = Debug|Any CPU
		Release|Any CPU = Release|Any CPU
	EndGlobalSection
	GlobalSection(ProjectConfigurationPlatforms) = postSolution
		{049E90E5-C269-4039-9191-159B0F88AE16}.Debug|Any CPU.ActiveCfg = Debug|Any CPU
		{049E90E5-C269-4039-9191-159B0F88AE16}.Debug|Any CPU.Build.0 = Debug|Any CPU
		{049E90E5-C269-4039-9191-159B0F88AE16}.Release|Any CPU.ActiveCfg = Release|Any CPU
		{049E90E5-C269-4039-9191-159B0F88AE16}.Release|Any CPU.Build.0 = Release|Any CPU
	EndGlobalSection
	GlobalSection(SolutionProperties) = preSolution
		HideSolutionNode = FALSE
	EndGlobalSection
	GlobalSection(ExtensibilityGlobals) = postSolution
		SolutionGuid = {A25541BF-7359-4F25-AA04-6EE6C25E348C}
	EndGlobalSection
EndGlobal
